// !$*UTF8*$!
{
	archiveVersion = 1;
	classes = {
	};
	objectVersion = 46;
	objects = {

/* Begin PBXBuildFile section */
		943B4E5C1744D6E600A5E27F /* UIKit.framework in Frameworks */ = {isa = PBXBuildFile; fileRef = 943B4E5B1744D6E600A5E27F /* UIKit.framework */; };
		943B4E5E1744D6E600A5E27F /* Foundation.framework in Frameworks */ = {isa = PBXBuildFile; fileRef = 943B4E5D1744D6E600A5E27F /* Foundation.framework */; };
		943B4E601744D6E600A5E27F /* CoreGraphics.framework in Frameworks */ = {isa = PBXBuildFile; fileRef = 943B4E5F1744D6E600A5E27F /* CoreGraphics.framework */; };
		943B4E661744D6E600A5E27F /* InfoPlist.strings in Resources */ = {isa = PBXBuildFile; fileRef = 943B4E641744D6E600A5E27F /* InfoPlist.strings */; };
		943B4E681744D6E600A5E27F /* main.m in Sources */ = {isa = PBXBuildFile; fileRef = 943B4E671744D6E600A5E27F /* main.m */; };
		943B4E6C1744D6E600A5E27F /* AppDelegate.m in Sources */ = {isa = PBXBuildFile; fileRef = 943B4E6B1744D6E600A5E27F /* AppDelegate.m */; };
		943B4E6E1744D6E600A5E27F /* Default.png in Resources */ = {isa = PBXBuildFile; fileRef = 943B4E6D1744D6E600A5E27F /* Default.png */; };
		943B4E701744D6E600A5E27F /* Default@2x.png in Resources */ = {isa = PBXBuildFile; fileRef = 943B4E6F1744D6E600A5E27F /* Default@2x.png */; };
		943B4E721744D6E600A5E27F /* Default-568h@2x.png in Resources */ = {isa = PBXBuildFile; fileRef = 943B4E711744D6E600A5E27F /* Default-568h@2x.png */; };
		943B4E751744D6E600A5E27F /* ViewController.m in Sources */ = {isa = PBXBuildFile; fileRef = 943B4E741744D6E600A5E27F /* ViewController.m */; };
		943B4E781744D6E600A5E27F /* ViewController.xib in Resources */ = {isa = PBXBuildFile; fileRef = 943B4E761744D6E600A5E27F /* ViewController.xib */; };
		943B4E801744D74800A5E27F /* XCProgressView.m in Sources */ = {isa = PBXBuildFile; fileRef = 943B4E7F1744D74800A5E27F /* XCProgressView.m */; };
		943B4E841744D8D400A5E27F /* IMG_0749.PNG in Resources */ = {isa = PBXBuildFile; fileRef = 943B4E831744D8D400A5E27F /* IMG_0749.PNG */; };
/* End PBXBuildFile section */

/* Begin PBXFileReference section */
		943B4E581744D6E600A5E27F /* XCProgressView.app */ = {isa = PBXFileReference; explicitFileType = wrapper.application; includeInIndex = 0; path = XCProgressView.app; sourceTree = BUILT_PRODUCTS_DIR; };
		943B4E5B1744D6E600A5E27F /* UIKit.framework */ = {isa = PBXFileReference; lastKnownFileType = wrapper.framework; name = UIKit.framework; path = System/Library/Frameworks/UIKit.framework; sourceTree = SDKROOT; };
		943B4E5D1744D6E600A5E27F /* Foundation.framework */ = {isa = PBXFileReference; lastKnownFileType = wrapper.framework; name = Foundation.framework; path = System/Library/Frameworks/Foundation.framework; sourceTree = SDKROOT; };
		943B4E5F1744D6E600A5E27F /* CoreGraphics.framework */ = {isa = PBXFileReference; lastKnownFileType = wrapper.framework; name = CoreGraphics.framework; path = System/Library/Frameworks/CoreGraphics.framework; sourceTree = SDKROOT; };
		943B4E631744D6E600A5E27F /* XCProgressView-Info.plist */ = {isa = PBXFileReference; lastKnownFileType = text.plist.xml; path = "XCProgressView-Info.plist"; sourceTree = "<group>"; };
		943B4E651744D6E600A5E27F /* en */ = {isa = PBXFileReference; lastKnownFileType = text.plist.strings; name = en; path = en.lproj/InfoPlist.strings; sourceTree = "<group>"; };
		943B4E671744D6E600A5E27F /* main.m */ = {isa = PBXFileReference; lastKnownFileType = sourcecode.c.objc; path = main.m; sourceTree = "<group>"; };
		943B4E691744D6E600A5E27F /* XCProgressView-Prefix.pch */ = {isa = PBXFileReference; lastKnownFileType = sourcecode.c.h; path = "XCProgressView-Prefix.pch"; sourceTree = "<group>"; };
		943B4E6A1744D6E600A5E27F /* AppDelegate.h */ = {isa = PBXFileReference; lastKnownFileType = sourcecode.c.h; path = AppDelegate.h; sourceTree = "<group>"; };
		943B4E6B1744D6E600A5E27F /* AppDelegate.m */ = {isa = PBXFileReference; lastKnownFileType = sourcecode.c.objc; path = AppDelegate.m; sourceTree = "<group>"; };
		943B4E6D1744D6E600A5E27F /* Default.png */ = {isa = PBXFileReference; lastKnownFileType = image.png; path = Default.png; sourceTree = "<group>"; };
		943B4E6F1744D6E600A5E27F /* Default@2x.png */ = {isa = PBXFileReference; lastKnownFileType = image.png; path = "Default@2x.png"; sourceTree = "<group>"; };
		943B4E711744D6E600A5E27F /* Default-568h@2x.png */ = {isa = PBXFileReference; lastKnownFileType = image.png; path = "Default-568h@2x.png"; sourceTree = "<group>"; };
		943B4E731744D6E600A5E27F /* ViewController.h */ = {isa = PBXFileReference; lastKnownFileType = sourcecode.c.h; path = ViewController.h; sourceTree = "<group>"; };
		943B4E741744D6E600A5E27F /* ViewController.m */ = {isa = PBXFileReference; lastKnownFileType = sourcecode.c.objc; path = ViewController.m; sourceTree = "<group>"; };
		943B4E771744D6E600A5E27F /* en */ = {isa = PBXFileReference; lastKnownFileType = file.xib; name = en; path = en.lproj/ViewController.xib; sourceTree = "<group>"; };
		943B4E7E1744D74800A5E27F /* XCProgressView.h */ = {isa = PBXFileReference; fileEncoding = 4; lastKnownFileType = sourcecode.c.h; path = XCProgressView.h; sourceTree = "<group>"; };
		943B4E7F1744D74800A5E27F /* XCProgressView.m */ = {isa = PBXFileReference; fileEncoding = 4; lastKnownFileType = sourcecode.c.objc; path = XCProgressView.m; sourceTree = "<group>"; };
		943B4E831744D8D400A5E27F /* IMG_0749.PNG */ = {isa = PBXFileReference; lastKnownFileType = image.png; path = IMG_0749.PNG; sourceTree = "<group>"; };
/* End PBXFileReference section */

/* Begin PBXFrameworksBuildPhase section */
		943B4E551744D6E600A5E27F /* Frameworks */ = {
			isa = PBXFrameworksBuildPhase;
			buildActionMask = 2147483647;
			files = (
				943B4E5C1744D6E600A5E27F /* UIKit.framework in Frameworks */,
				943B4E5E1744D6E600A5E27F /* Foundation.framework in Frameworks */,
				943B4E601744D6E600A5E27F /* CoreGraphics.framework in Frameworks */,
			);
			runOnlyForDeploymentPostprocessing = 0;
		};
/* End PBXFrameworksBuildPhase section */

/* Begin PBXGroup section */
		943B4E4F1744D6E600A5E27F = {
			isa = PBXGroup;
			children = (
				943B4E611744D6E600A5E27F /* XCProgressView */,
				943B4E5A1744D6E600A5E27F /* Frameworks */,
				943B4E591744D6E600A5E27F /* Products */,
			);
			sourceTree = "<group>";
		};
		943B4E591744D6E600A5E27F /* Products */ = {
			isa = PBXGroup;
			children = (
				943B4E581744D6E600A5E27F /* XCProgressView.app */,
			);
			name = Products;
			sourceTree = "<group>";
		};
		943B4E5A1744D6E600A5E27F /* Frameworks */ = {
			isa = PBXGroup;
			children = (
				943B4E5B1744D6E600A5E27F /* UIKit.framework */,
				943B4E5D1744D6E600A5E27F /* Foundation.framework */,
				943B4E5F1744D6E600A5E27F /* CoreGraphics.framework */,
			);
			name = Frameworks;
			sourceTree = "<group>";
		};
		943B4E611744D6E600A5E27F /* XCProgressView */ = {
			isa = PBXGroup;
			children = (
				943B4E831744D8D400A5E27F /* IMG_0749.PNG */,
				943B4E7E1744D74800A5E27F /* XCProgressView.h */,
				943B4E7F1744D74800A5E27F /* XCProgressView.m */,
				943B4E6A1744D6E600A5E27F /* AppDelegate.h */,
				943B4E6B1744D6E600A5E27F /* AppDelegate.m */,
				943B4E731744D6E600A5E27F /* ViewController.h */,
				943B4E741744D6E600A5E27F /* ViewController.m */,
				943B4E761744D6E600A5E27F /* ViewController.xib */,
				943B4E621744D6E600A5E27F /* Supporting Files */,
			);
			path = XCProgressView;
			sourceTree = "<group>";
		};
		943B4E621744D6E600A5E27F /* Supporting Files */ = {
			isa = PBXGroup;
			children = (
				943B4E631744D6E600A5E27F /* XCProgressView-Info.plist */,
				943B4E641744D6E600A5E27F /* InfoPlist.strings */,
				943B4E671744D6E600A5E27F /* main.m */,
				943B4E691744D6E600A5E27F /* XCProgressView-Prefix.pch */,
				943B4E6D1744D6E600A5E27F /* Default.png */,
				943B4E6F1744D6E600A5E27F /* Default@2x.png */,
				943B4E711744D6E600A5E27F /* Default-568h@2x.png */,
			);
			name = "Supporting Files";
			sourceTree = "<group>";
		};
/* End PBXGroup section */

/* Begin PBXNativeTarget section */
		943B4E571744D6E600A5E27F /* XCProgressView */ = {
			isa = PBXNativeTarget;
			buildConfigurationList = 943B4E7B1744D6E600A5E27F /* Build configuration list for PBXNativeTarget "XCProgressView" */;
			buildPhases = (
				943B4E541744D6E600A5E27F /* Sources */,
				943B4E551744D6E600A5E27F /* Frameworks */,
				943B4E561744D6E600A5E27F /* Resources */,
			);
			buildRules = (
			);
			dependencies = (
			);
			name = XCProgressView;
			productName = XCProgressView;
			productReference = 943B4E581744D6E600A5E27F /* XCProgressView.app */;
			productType = "com.apple.product-type.application";
		};
/* End PBXNativeTarget section */

/* Begin PBXProject section */
		943B4E501744D6E600A5E27F /* Project object */ = {
			isa = PBXProject;
			attributes = {
				LastUpgradeCheck = 0460;
				ORGANIZATIONNAME = "im@chenxiaochi.com";
			};
			buildConfigurationList = 943B4E531744D6E600A5E27F /* Build configuration list for PBXProject "XCProgressView" */;
			compatibilityVersion = "Xcode 3.2";
			developmentRegion = English;
			hasScannedForEncodings = 0;
			knownRegions = (
				en,
			);
			mainGroup = 943B4E4F1744D6E600A5E27F;
			productRefGroup = 943B4E591744D6E600A5E27F /* Products */;
			projectDirPath = "";
			projectRoot = "";
			targets = (
				943B4E571744D6E600A5E27F /* XCProgressView */,
			);
		};
/* End PBXProject section */

/* Begin PBXResourcesBuildPhase section */
		943B4E561744D6E600A5E27F /* Resources */ = {
			isa = PBXResourcesBuildPhase;
			buildActionMask = 2147483647;
			files = (
				943B4E661744D6E600A5E27F /* InfoPlist.strings in Resources */,
				943B4E6E1744D6E600A5E27F /* Default.png in Resources */,
				943B4E701744D6E600A5E27F /* Default@2x.png in Resources */,
				943B4E721744D6E600A5E27F /* Default-568h@2x.png in Resources */,
				943B4E781744D6E600A5E27F /* ViewController.xib in Resources */,
				943B4E841744D8D400A5E27F /* IMG_0749.PNG in Resources */,
			);
			runOnlyForDeploymentPostprocessing = 0;
		};
/* End PBXResourcesBuildPhase section */

/* Begin PBXSourcesBuildPhase section */
		943B4E541744D6E600A5E27F /* Sources */ = {
			isa = PBXSourcesBuildPhase;
			buildActionMask = 2147483647;
			files = (
				943B4E681744D6E600A5E27F /* main.m in Sources */,
				943B4E6C1744D6E600A5E27F /* AppDelegate.m in Sources */,
				943B4E751744D6E600A5E27F /* ViewController.m in Sources */,
				943B4E801744D74800A5E27F /* XCProgressView.m in Sources */,
			);
			runOnlyForDeploymentPostprocessing = 0;
		};
/* End PBXSourcesBuildPhase section */

/* Begin PBXVariantGroup section */
		943B4E641744D6E600A5E27F /* InfoPlist.strings */ = {
			isa = PBXVariantGroup;
			children = (
				943B4E651744D6E600A5E27F /* en */,
			);
			name = InfoPlist.strings;
			sourceTree = "<group>";
		};
		943B4E761744D6E600A5E27F /* ViewController.xib */ = {
			isa = PBXVariantGroup;
			children = (
				943B4E771744D6E600A5E27F /* en */,
			);
			name = ViewController.xib;
			sourceTree = "<group>";
		};
/* End PBXVariantGroup section */

/* Begin XCBuildConfiguration section */
		943B4E791744D6E600A5E27F /* Debug */ = {
			isa = XCBuildConfiguration;
			buildSettings = {
				ALWAYS_SEARCH_USER_PATHS = NO;
				CLANG_CXX_LANGUAGE_STANDARD = "gnu++0x";
				CLANG_CXX_LIBRARY = "libc++";
				CLANG_WARN_CONSTANT_CONVERSION = YES;
				CLANG_WARN_EMPTY_BODY = YES;
				CLANG_WARN_ENUM_CONVERSION = YES;
				CLANG_WARN_INT_CONVERSION = YES;
				CLANG_WARN__DUPLICATE_METHOD_MATCH = YES;
				"CODE_SIGN_IDENTITY[sdk=iphoneos*]" = "iPhone Developer";
				COPY_PHASE_STRIP = NO;
				GCC_C_LANGUAGE_STANDARD = gnu99;
				GCC_DYNAMIC_NO_PIC = NO;
				GCC_OPTIMIZATION_LEVEL = 0;
				GCC_PREPROCESSOR_DEFINITIONS = (
					"DEBUG=1",
					"$(inherited)",
				);
				GCC_SYMBOLS_PRIVATE_EXTERN = NO;
				GCC_WARN_ABOUT_RETURN_TYPE = YES;
				GCC_WARN_UNINITIALIZED_AUTOS = YES;
				GCC_WARN_UNUSED_VARIABLE = YES;
				IPHONEOS_DEPLOYMENT_TARGET = 6.1;
				ONLY_ACTIVE_ARCH = YES;
				SDKROOT = iphoneos;
			};
			name = Debug;
		};
		943B4E7A1744D6E600A5E27F /* Release */ = {
			isa = XCBuildConfiguration;
			buildSettings = {
				ALWAYS_SEARCH_USER_PATHS = NO;
				CLANG_CXX_LANGUAGE_STANDARD = "gnu++0x";
				CLANG_CXX_LIBRARY = "libc++";
				CLANG_WARN_CONSTANT_CONVERSION = YES;
				CLANG_WARN_EMPTY_BODY = YES;
				CLANG_WARN_ENUM_CONVERSION = YES;
				CLANG_WARN_INT_CONVERSION = YES;
				CLANG_WARN__DUPLICATE_METHOD_MATCH = YES;
				"CODE_SIGN_IDENTITY[sdk=iphoneos*]" = "iPhone Developer";
				COPY_PHASE_STRIP = YES;
				GCC_C_LANGUAGE_STANDARD = gnu99;
				GCC_WARN_ABOUT_RETURN_TYPE = YES;
				GCC_WARN_UNINITIALIZED_AUTOS = YES;
				GCC_WARN_UNUSED_VARIABLE = YES;
				IPHONEOS_DEPLOYMENT_TARGET = 6.1;
				OTHER_CFLAGS = "-DNS_BLOCK_ASSERTIONS=1";
				SDKROOT = iphoneos;
				VALIDATE_PRODUCT = YES;
			};
			name = Release;
		};
		943B4E7C1744D6E600A5E27F /* Debug */ = {
			isa = XCBuildConfiguration;
			buildSettings = {
				GCC_PRECOMPILE_PREFIX_HEADER = YES;
				GCC_PREFIX_HEADER = "XCProgressView/XCProgressView-Prefix.pch";
				INFOPLIST_FILE = "XCProgressView/XCProgressView-Info.plist";
				PRODUCT_NAME = "$(TARGET_NAME)";
				WRAPPER_EXTENSION = app;
			};
			name = Debug;
		};
		943B4E7D1744D6E600A5E27F /* Release */ = {
			isa = XCBuildConfiguration;
			buildSettings = {
				GCC_PRECOMPILE_PREFIX_HEADER = YES;
				GCC_PREFIX_HEADER = "XCProgressView/XCProgressView-Prefix.pch";
				INFOPLIST_FILE = "XCProgressView/XCProgressView-Info.plist";
				PRODUCT_NAME = "$(TARGET_NAME)";
				WRAPPER_EXTENSION = app;
			};
			name = Release;
		};
/* End XCBuildConfiguration section */

/* Begin XCConfigurationList section */
		943B4E531744D6E600A5E27F /* Build configuration list for PBXProject "XCProgressView" */ = {
			isa = XCConfigurationList;
			buildConfigurations = (
				943B4E791744D6E600A5E27F /* Debug */,
				943B4E7A1744D6E600A5E27F /* Release */,
			);
			defaultConfigurationIsVisible = 0;
			defaultConfigurationName = Release;
		};
		943B4E7B1744D6E600A5E27F /* Build configuration list for PBXNativeTarget "XCProgressView" */ = {
			isa = XCConfigurationList;
			buildConfigurations = (
				943B4E7C1744D6E600A5E27F /* Debug */,
				943B4E7D1744D6E600A5E27F /* Release */,
			);
			defaultConfigurationIsVisible = 0;
			defaultConfigurationName = Release;
		};
/* End XCConfigurationList section */
	};
	rootObject = 943B4E501744D6E600A5E27F /* Project object */;
}
